
Microsoft Visual Studio Solution File, Format Version 12.00
# Visual Studio Version 17
VisualStudioVersion = 17.5.002.0
MinimumVisualStudioVersion = 10.0.40219.1
Project("{9A19103F-16F7-4668-BE54-9A1E7A4F7556}") = "project.net9", "project.net9.csproj", "{DA178C69-13B7-43AF-A629-F37E7EAC7478}"
EndProject
Global
	GlobalSection(SolutionConfigurationPlatforms) = preSolution
		Debug|Any CPU = Debug|Any CPU
		Release|Any CPU = Release|Any CPU
	EndGlobalSection
	GlobalSection(ProjectConfigurationPlatforms) = postSolution
		{DA178C69-13B7-43AF-A629-F37E7EAC7478}.Debug|Any CPU.ActiveCfg = Debug|Any CPU
		{DA178C69-13B7-43AF-A629-F37E7EAC7478}.Debug|Any CPU.Build.0 = Debug|Any CPU
		{DA178C69-13B7-43AF-A629-F37E7EAC7478}.Release|Any CPU.ActiveCfg = Release|Any CPU
		{DA178C69-13B7-43AF-A629-F37E7EAC7478}.Release|Any CPU.Build.0 = Release|Any CPU
	EndGlobalSection
	GlobalSection(SolutionProperties) = preSolution
		HideSolutionNode = FALSE
	EndGlobalSection
	GlobalSection(ExtensibilityGlobals) = postSolution
		SolutionGuid = {4C77F9F7-E801-4A59-A62E-99B3A978192C}
	EndGlobalSection
EndGlobal
